
Microsoft Visual Studio Solution File, Format Version 12.00
# Visual Studio Version 16
VisualStudioVersion = 16.0.31005.135
MinimumVisualStudioVersion = 10.0.40219.1
Project("{FAE04EC0-301F-11D3-BF4B-00C04F79EFBC}") = "Programa6", "Programa6\Programa6.csproj", "{4953658E-D8D3-46C7-8601-AC122E4FDA0D}"
EndProject
Global
	GlobalSection(SolutionConfigurationPlatforms) = preSolution
		Debug|Any CPU = Debug|Any CPU
		Release|Any CPU = Release|Any CPU
	EndGlobalSection
	GlobalSection(ProjectConfigurationPlatforms) = postSolution
		{4953658E-D8D3-46C7-8601-AC122E4FDA0D}.Debug|Any CPU.ActiveCfg = Debug|Any CPU
		{4953658E-D8D3-46C7-8601-AC122E4FDA0D}.Debug|Any CPU.Build.0 = Debug|Any CPU
		{4953658E-D8D3-46C7-8601-AC122E4FDA0D}.Release|Any CPU.ActiveCfg = Release|Any CPU
		{4953658E-D8D3-46C7-8601-AC122E4FDA0D}.Release|Any CPU.Build.0 = Release|Any CPU
	EndGlobalSection
	GlobalSection(SolutionProperties) = preSolution
		HideSolutionNode = FALSE
	EndGlobalSection
	GlobalSection(ExtensibilityGlobals) = postSolution
		SolutionGuid = {A58552EC-15A5-4CC1-8A5B-B80CEA87DC16}
	EndGlobalSection
EndGlobal
